
Microsoft Visual Studio Solution File, Format Version 12.00
# Visual Studio 15
VisualStudioVersion = 15.0.28010.2041
MinimumVisualStudioVersion = 10.0.40219.1
Project("{FAE04EC0-301F-11D3-BF4B-00C04F79EFBC}") = "LoveLock", "TestTool\LoveLock.csproj", "{960E16DB-191F-4A37-813B-ECB10A6B5D30}"
EndProject
Global
	GlobalSection(SolutionConfigurationPlatforms) = preSolution
		Debug|Any CPU = Debug|Any CPU
		Release|Any CPU = Release|Any CPU
	EndGlobalSection
	GlobalSection(ProjectConfigurationPlatforms) = postSolution
		{960E16DB-191F-4A37-813B-ECB10A6B5D30}.Debug|Any CPU.ActiveCfg = Debug|Any CPU
		{960E16DB-191F-4A37-813B-ECB10A6B5D30}.Debug|Any CPU.Build.0 = Debug|Any CPU
		{960E16DB-191F-4A37-813B-ECB10A6B5D30}.Release|Any CPU.ActiveCfg = Release|Any CPU
		{960E16DB-191F-4A37-813B-ECB10A6B5D30}.Release|Any CPU.Build.0 = Release|Any CPU
	EndGlobalSection
	GlobalSection(SolutionProperties) = preSolution
		HideSolutionNode = FALSE
	EndGlobalSection
	GlobalSection(ExtensibilityGlobals) = postSolution
		SolutionGuid = {B1FE75B6-5FE6-4111-83F9-ED7C3B92BDC7}
	EndGlobalSection
EndGlobal
